
Microsoft Visual Studio Solution File, Format Version 12.00
# Visual Studio Version 17
VisualStudioVersion = 17.4.33103.184
MinimumVisualStudioVersion = 10.0.40219.1
Project("{FAE04EC0-301F-11D3-BF4B-00C04F79EFBC}") = "Education", "Education\Education.csproj", "{C7518BFB-DE7B-4815-BB08-E446F263BBBE}"
EndProject
Global
	GlobalSection(SolutionConfigurationPlatforms) = preSolution
		Debug|Any CPU = Debug|Any CPU
		Release|Any CPU = Release|Any CPU
	EndGlobalSection
	GlobalSection(ProjectConfigurationPlatforms) = postSolution
		{C7518BFB-DE7B-4815-BB08-E446F263BBBE}.Debug|Any CPU.ActiveCfg = Debug|Any CPU
		{C7518BFB-DE7B-4815-BB08-E446F263BBBE}.Debug|Any CPU.Build.0 = Debug|Any CPU
		{C7518BFB-DE7B-4815-BB08-E446F263BBBE}.Release|Any CPU.ActiveCfg = Release|Any CPU
		{C7518BFB-DE7B-4815-BB08-E446F263BBBE}.Release|Any CPU.Build.0 = Release|Any CPU
	EndGlobalSection
	GlobalSection(SolutionProperties) = preSolution
		HideSolutionNode = FALSE
	EndGlobalSection
	GlobalSection(ExtensibilityGlobals) = postSolution
		SolutionGuid = {B9925DB4-8C07-46C5-83B0-B920AF26EE48}
	EndGlobalSection
EndGlobal
